
Microsoft Visual Studio Solution File, Format Version 12.00
# Visual Studio Version 16
VisualStudioVersion = 16.0.31313.79
MinimumVisualStudioVersion = 10.0.40219.1
Project("{FAE04EC0-301F-11D3-BF4B-00C04F79EFBC}") = "Checkout.Payment.Gateway.API", "Checkout.Payment.Gateway.API\Checkout.Payment.Gateway.API.csproj", "{0BFC001E-A37A-43B2-9068-5E69AB1020A8}"
EndProject
Global
	GlobalSection(SolutionConfigurationPlatforms) = preSolution
		Debug|Any CPU = Debug|Any CPU
		Release|Any CPU = Release|Any CPU
	EndGlobalSection
	GlobalSection(ProjectConfigurationPlatforms) = postSolution
		{0BFC001E-A37A-43B2-9068-5E69AB1020A8}.Debug|Any CPU.ActiveCfg = Debug|Any CPU
		{0BFC001E-A37A-43B2-9068-5E69AB1020A8}.Debug|Any CPU.Build.0 = Debug|Any CPU
		{0BFC001E-A37A-43B2-9068-5E69AB1020A8}.Release|Any CPU.ActiveCfg = Release|Any CPU
		{0BFC001E-A37A-43B2-9068-5E69AB1020A8}.Release|Any CPU.Build.0 = Release|Any CPU
	EndGlobalSection
	GlobalSection(SolutionProperties) = preSolution
		HideSolutionNode = FALSE
	EndGlobalSection
	GlobalSection(ExtensibilityGlobals) = postSolution
		SolutionGuid = {59BFDD7A-1AD8-45B6-B53A-762156D288E8}
	EndGlobalSection
EndGlobal
